// !$*UTF8*$!
{
	archiveVersion = 1;
	classes = {
	};
	objectVersion = 50;
	objects = {

/* Begin PBXBuildFile section */
		CB4D14AD265F306F007856C0 /* AppDelegate.swift in Sources */ = {isa = PBXBuildFile; fileRef = CB4D14AC265F306F007856C0 /* AppDelegate.swift */; };
		CB4D14AF265F306F007856C0 /* SceneDelegate.swift in Sources */ = {isa = PBXBuildFile; fileRef = CB4D14AE265F306F007856C0 /* SceneDelegate.swift */; };
		CB4D14B1265F306F007856C0 /* ViewController.swift in Sources */ = {isa = PBXBuildFile; fileRef = CB4D14B0265F306F007856C0 /* ViewController.swift */; };
		CB4D14B4265F306F007856C0 /* Main.storyboard in Resources */ = {isa = PBXBuildFile; fileRef = CB4D14B2265F306F007856C0 /* Main.storyboard */; };
		CB4D14B6265F3071007856C0 /* Assets.xcassets in Resources */ = {isa = PBXBuildFile; fileRef = CB4D14B5265F3071007856C0 /* Assets.xcassets */; };
		CB4D14B9265F3071007856C0 /* LaunchScreen.storyboard in Resources */ = {isa = PBXBuildFile; fileRef = CB4D14B7265F3071007856C0 /* LaunchScreen.storyboard */; };
		CB4D14C4265F3072007856C0 /* ToDoTests.swift in Sources */ = {isa = PBXBuildFile; fileRef = CB4D14C3265F3072007856C0 /* ToDoTests.swift */; };
		CB4D14CF265F3072007856C0 /* ToDoUITests.swift in Sources */ = {isa = PBXBuildFile; fileRef = CB4D14CE265F3072007856C0 /* ToDoUITests.swift */; };
		CB4D14E1265F3135007856C0 /* InfoStorage.xcdatamodeld in Sources */ = {isa = PBXBuildFile; fileRef = CB4D14DF265F3135007856C0 /* InfoStorage.xcdatamodeld */; };
		CB4D14E6265F3C30007856C0 /* AddNewViewController.swift in Sources */ = {isa = PBXBuildFile; fileRef = CB4D14E5265F3C30007856C0 /* AddNewViewController.swift */; };
		CB4D14F02669A90C007856C0 /* CloudKit.framework in Frameworks */ = {isa = PBXBuildFile; fileRef = CB4D14EF2669A90C007856C0 /* CloudKit.framework */; };
/* End PBXBuildFile section */

/* Begin PBXContainerItemProxy section */
		CB4D14C0265F3072007856C0 /* PBXContainerItemProxy */ = {
			isa = PBXContainerItemProxy;
			containerPortal = CB4D14A1265F306F007856C0 /* Project object */;
			proxyType = 1;
			remoteGlobalIDString = CB4D14A8265F306F007856C0;
			remoteInfo = ToDo;
		};
		CB4D14CB265F3072007856C0 /* PBXContainerItemProxy */ = {
			isa = PBXContainerItemProxy;
			containerPortal = CB4D14A1265F306F007856C0 /* Project object */;
			proxyType = 1;
			remoteGlobalIDString = CB4D14A8265F306F007856C0;
			remoteInfo = ToDo;
		};
/* End PBXContainerItemProxy section */

/* Begin PBXFileReference section */
		CB4D14A9265F306F007856C0 /* ToDo.app */ = {isa = PBXFileReference; explicitFileType = wrapper.application; includeInIndex = 0; path = ToDo.app; sourceTree = BUILT_PRODUCTS_DIR; };
		CB4D14AC265F306F007856C0 /* AppDelegate.swift */ = {isa = PBXFileReference; lastKnownFileType = sourcecode.swift; path = AppDelegate.swift; sourceTree = "<group>"; };
		CB4D14AE265F306F007856C0 /* SceneDelegate.swift */ = {isa = PBXFileReference; lastKnownFileType = sourcecode.swift; path = SceneDelegate.swift; sourceTree = "<group>"; };
		CB4D14B0265F306F007856C0 /* ViewController.swift */ = {isa = PBXFileReference; lastKnownFileType = sourcecode.swift; path = ViewController.swift; sourceTree = "<group>"; };
		CB4D14B3265F306F007856C0 /* Base */ = {isa = PBXFileReference; lastKnownFileType = file.storyboard; name = Base; path = Base.lproj/Main.storyboard; sourceTree = "<group>"; };
		CB4D14B5265F3071007856C0 /* Assets.xcassets */ = {isa = PBXFileReference; lastKnownFileType = folder.assetcatalog; path = Assets.xcassets; sourceTree = "<group>"; };
		CB4D14B8265F3071007856C0 /* Base */ = {isa = PBXFileReference; lastKnownFileType = file.storyboard; name = Base; path = Base.lproj/LaunchScreen.storyboard; sourceTree = "<group>"; };
		CB4D14BA265F3071007856C0 /* Info.plist */ = {isa = PBXFileReference; lastKnownFileType = text.plist.xml; path = Info.plist; sourceTree = "<group>"; };
		CB4D14BF265F3072007856C0 /* ToDoTests.xctest */ = {isa = PBXFileReference; explicitFileType = wrapper.cfbundle; includeInIndex = 0; path = ToDoTests.xctest; sourceTree = BUILT_PRODUCTS_DIR; };
		CB4D14C3265F3072007856C0 /* ToDoTests.swift */ = {isa = PBXFileReference; lastKnownFileType = sourcecode.swift; path = ToDoTests.swift; sourceTree = "<group>"; };
		CB4D14C5265F3072007856C0 /* Info.plist */ = {isa = PBXFileReference; lastKnownFileType = text.plist.xml; path = Info.plist; sourceTree = "<group>"; };
		CB4D14CA265F3072007856C0 /* ToDoUITests.xctest */ = {isa = PBXFileReference; explicitFileType = wrapper.cfbundle; includeInIndex = 0; path = ToDoUITests.xctest; sourceTree = BUILT_PRODUCTS_DIR; };
		CB4D14CE265F3072007856C0 /* ToDoUITests.swift */ = {isa = PBXFileReference; lastKnownFileType = sourcecode.swift; path = ToDoUITests.swift; sourceTree = "<group>"; };
		CB4D14D0265F3072007856C0 /* Info.plist */ = {isa = PBXFileReference; lastKnownFileType = text.plist.xml; path = Info.plist; sourceTree = "<group>"; };
		CB4D14E0265F3135007856C0 /* InfoStorage.xcdatamodel */ = {isa = PBXFileReference; lastKnownFileType = wrapper.xcdatamodel; path = InfoStorage.xcdatamodel; sourceTree = "<group>"; };
		CB4D14E5265F3C30007856C0 /* AddNewViewController.swift */ = {isa = PBXFileReference; lastKnownFileType = sourcecode.swift; path = AddNewViewController.swift; sourceTree = "<group>"; };
		CB4D14EA2669A908007856C0 /* ToDo.entitlements */ = {isa = PBXFileReference; lastKnownFileType = text.plist.entitlements; path = ToDo.entitlements; sourceTree = "<group>"; };
		CB4D14EF2669A90C007856C0 /* CloudKit.framework */ = {isa = PBXFileReference; lastKnownFileType = wrapper.framework; name = CloudKit.framework; path = System/Library/Frameworks/CloudKit.framework; sourceTree = SDKROOT; };
/* End PBXFileReference section */

/* Begin PBXFrameworksBuildPhase section */
		CB4D14A6265F306F007856C0 /* Frameworks */ = {
			isa = PBXFrameworksBuildPhase;
			buildActionMask = 2147483647;
			files = (
				CB4D14F02669A90C007856C0 /* CloudKit.framework in Frameworks */,
			);
			runOnlyForDeploymentPostprocessing = 0;
		};
		CB4D14BC265F3072007856C0 /* Frameworks */ = {
			isa = PBXFrameworksBuildPhase;
			buildActionMask = 2147483647;
			files = (
			);
			runOnlyForDeploymentPostprocessing = 0;
		};
		CB4D14C7265F3072007856C0 /* Frameworks */ = {
			isa = PBXFrameworksBuildPhase;
			buildActionMask = 2147483647;
			files = (
			);
			runOnlyForDeploymentPostprocessing = 0;
		};
/* End PBXFrameworksBuildPhase section */

/* Begin PBXGroup section */
		CB4D14A0265F306F007856C0 = {
			isa = PBXGroup;
			children = (
				CB4D14AB265F306F007856C0 /* ToDo */,
				CB4D14C2265F3072007856C0 /* ToDoTests */,
				CB4D14CD265F3072007856C0 /* ToDoUITests */,
				CB4D14AA265F306F007856C0 /* Products */,
				CB4D14EE2669A90C007856C0 /* Frameworks */,
			);
			sourceTree = "<group>";
		};
		CB4D14AA265F306F007856C0 /* Products */ = {
			isa = PBXGroup;
			children = (
				CB4D14A9265F306F007856C0 /* ToDo.app */,
				CB4D14BF265F3072007856C0 /* ToDoTests.xctest */,
				CB4D14CA265F3072007856C0 /* ToDoUITests.xctest */,
			);
			name = Products;
			sourceTree = "<group>";
		};
		CB4D14AB265F306F007856C0 /* ToDo */ = {
			isa = PBXGroup;
			children = (
				CB4D14EA2669A908007856C0 /* ToDo.entitlements */,
				CB4D14AC265F306F007856C0 /* AppDelegate.swift */,
				CB4D14AE265F306F007856C0 /* SceneDelegate.swift */,
				CB4D14B0265F306F007856C0 /* ViewController.swift */,
				CB4D14B2265F306F007856C0 /* Main.storyboard */,
				CB4D14B5265F3071007856C0 /* Assets.xcassets */,
				CB4D14B7265F3071007856C0 /* LaunchScreen.storyboard */,
				CB4D14BA265F3071007856C0 /* Info.plist */,
				CB4D14DF265F3135007856C0 /* InfoStorage.xcdatamodeld */,
				CB4D14E5265F3C30007856C0 /* AddNewViewController.swift */,
			);
			path = ToDo;
			sourceTree = "<group>";
		};
		CB4D14C2265F3072007856C0 /* ToDoTests */ = {
			isa = PBXGroup;
			children = (
				CB4D14C3265F3072007856C0 /* ToDoTests.swift */,
				CB4D14C5265F3072007856C0 /* Info.plist */,
			);
			path = ToDoTests;
			sourceTree = "<group>";
		};
		CB4D14CD265F3072007856C0 /* ToDoUITests */ = {
			isa = PBXGroup;
			children = (
				CB4D14CE265F3072007856C0 /* ToDoUITests.swift */,
				CB4D14D0265F3072007856C0 /* Info.plist */,
			);
			path = ToDoUITests;
			sourceTree = "<group>";
		};
		CB4D14EE2669A90C007856C0 /* Frameworks */ = {
			isa = PBXGroup;
			children = (
				CB4D14EF2669A90C007856C0 /* CloudKit.framework */,
			);
			name = Frameworks;
			sourceTree = "<group>";
		};
/* End PBXGroup section */

/* Begin PBXNativeTarget section */
		CB4D14A8265F306F007856C0 /* ToDo */ = {
			isa = PBXNativeTarget;
			buildConfigurationList = CB4D14D3265F3072007856C0 /* Build configuration list for PBXNativeTarget "ToDo" */;
			buildPhases = (
				CB4D14A5265F306F007856C0 /* Sources */,
				CB4D14A6265F306F007856C0 /* Frameworks */,
				CB4D14A7265F306F007856C0 /* Resources */,
			);
			buildRules = (
			);
			dependencies = (
			);
			name = ToDo;
			productName = ToDo;
			productReference = CB4D14A9265F306F007856C0 /* ToDo.app */;
			productType = "com.apple.product-type.application";
		};
		CB4D14BE265F3072007856C0 /* ToDoTests */ = {
			isa = PBXNativeTarget;
			buildConfigurationList = CB4D14D6265F3072007856C0 /* Build configuration list for PBXNativeTarget "ToDoTests" */;
			buildPhases = (
				CB4D14BB265F3072007856C0 /* Sources */,
				CB4D14BC265F3072007856C0 /* Frameworks */,
				CB4D14BD265F3072007856C0 /* Resources */,
			);
			buildRules = (
			);
			dependencies = (
				CB4D14C1265F3072007856C0 /* PBXTargetDependency */,
			);
			name = ToDoTests;
			productName = ToDoTests;
			productReference = CB4D14BF265F3072007856C0 /* ToDoTests.xctest */;
			productType = "com.apple.product-type.bundle.unit-test";
		};
		CB4D14C9265F3072007856C0 /* ToDoUITests */ = {
			isa = PBXNativeTarget;
			buildConfigurationList = CB4D14D9265F3072007856C0 /* Build configuration list for PBXNativeTarget "ToDoUITests" */;
			buildPhases = (
				CB4D14C6265F3072007856C0 /* Sources */,
				CB4D14C7265F3072007856C0 /* Frameworks */,
				CB4D14C8265F3072007856C0 /* Resources */,
			);
			buildRules = (
			);
			dependencies = (
				CB4D14CC265F3072007856C0 /* PBXTargetDependency */,
			);
			name = ToDoUITests;
			productName = ToDoUITests;
			productReference = CB4D14CA265F3072007856C0 /* ToDoUITests.xctest */;
			productType = "com.apple.product-type.bundle.ui-testing";
		};
/* End PBXNativeTarget section */

/* Begin PBXProject section */
		CB4D14A1265F306F007856C0 /* Project object */ = {
			isa = PBXProject;
			attributes = {
				LastSwiftUpdateCheck = 1220;
				LastUpgradeCheck = 1220;
				TargetAttributes = {
					CB4D14A8265F306F007856C0 = {
						CreatedOnToolsVersion = 12.2;
					};
					CB4D14BE265F3072007856C0 = {
						CreatedOnToolsVersion = 12.2;
						TestTargetID = CB4D14A8265F306F007856C0;
					};
					CB4D14C9265F3072007856C0 = {
						CreatedOnToolsVersion = 12.2;
						TestTargetID = CB4D14A8265F306F007856C0;
					};
				};
			};
			buildConfigurationList = CB4D14A4265F306F007856C0 /* Build configuration list for PBXProject "ToDo" */;
			compatibilityVersion = "Xcode 9.3";
			developmentRegion = en;
			hasScannedForEncodings = 0;
			knownRegions = (
				en,
				Base,
			);
			mainGroup = CB4D14A0265F306F007856C0;
			productRefGroup = CB4D14AA265F306F007856C0 /* Products */;
			projectDirPath = "";
			projectRoot = "";
			targets = (
				CB4D14A8265F306F007856C0 /* ToDo */,
				CB4D14BE265F3072007856C0 /* ToDoTests */,
				CB4D14C9265F3072007856C0 /* ToDoUITests */,
			);
		};
/* End PBXProject section */

/* Begin PBXResourcesBuildPhase section */
		CB4D14A7265F306F007856C0 /* Resources */ = {
			isa = PBXResourcesBuildPhase;
			buildActionMask = 2147483647;
			files = (
				CB4D14B9265F3071007856C0 /* LaunchScreen.storyboard in Resources */,
				CB4D14B6265F3071007856C0 /* Assets.xcassets in Resources */,
				CB4D14B4265F306F007856C0 /* Main.storyboard in Resources */,
			);
			runOnlyForDeploymentPostprocessing = 0;
		};
		CB4D14BD265F3072007856C0 /* Resources */ = {
			isa = PBXResourcesBuildPhase;
			buildActionMask = 2147483647;
			files = (
			);
			runOnlyForDeploymentPostprocessing = 0;
		};
		CB4D14C8265F3072007856C0 /* Resources */ = {
			isa = PBXResourcesBuildPhase;
			buildActionMask = 2147483647;
			files = (
			);
			runOnlyForDeploymentPostprocessing = 0;
		};
/* End PBXResourcesBuildPhase section */

/* Begin PBXSourcesBuildPhase section */
		CB4D14A5265F306F007856C0 /* Sources */ = {
			isa = PBXSourcesBuildPhase;
			buildActionMask = 2147483647;
			files = (
				CB4D14E6265F3C30007856C0 /* AddNewViewController.swift in Sources */,
				CB4D14B1265F306F007856C0 /* ViewController.swift in Sources */,
				CB4D14E1265F3135007856C0 /* InfoStorage.xcdatamodeld in Sources */,
				CB4D14AD265F306F007856C0 /* AppDelegate.swift in Sources */,
				CB4D14AF265F306F007856C0 /* SceneDelegate.swift in Sources */,
			);
			runOnlyForDeploymentPostprocessing = 0;
		};
		CB4D14BB265F3072007856C0 /* Sources */ = {
			isa = PBXSourcesBuildPhase;
			buildActionMask = 2147483647;
			files = (
				CB4D14C4265F3072007856C0 /* ToDoTests.swift in Sources */,
			);
			runOnlyForDeploymentPostprocessing = 0;
		};
		CB4D14C6265F3072007856C0 /* Sources */ = {
			isa = PBXSourcesBuildPhase;
			buildActionMask = 2147483647;
			files = (
				CB4D14CF265F3072007856C0 /* ToDoUITests.swift in Sources */,
			);
			runOnlyForDeploymentPostprocessing = 0;
		};
/* End PBXSourcesBuildPhase section */

/* Begin PBXTargetDependency section */
		CB4D14C1265F3072007856C0 /* PBXTargetDependency */ = {
			isa = PBXTargetDependency;
			target = CB4D14A8265F306F007856C0 /* ToDo */;
			targetProxy = CB4D14C0265F3072007856C0 /* PBXContainerItemProxy */;
		};
		CB4D14CC265F3072007856C0 /* PBXTargetDependency */ = {
			isa = PBXTargetDependency;
			target = CB4D14A8265F306F007856C0 /* ToDo */;
			targetProxy = CB4D14CB265F3072007856C0 /* PBXContainerItemProxy */;
		};
/* End PBXTargetDependency section */

/* Begin PBXVariantGroup section */
		CB4D14B2265F306F007856C0 /* Main.storyboard */ = {
			isa = PBXVariantGroup;
			children = (
				CB4D14B3265F306F007856C0 /* Base */,
			);
			name = Main.storyboard;
			sourceTree = "<group>";
		};
		CB4D14B7265F3071007856C0 /* LaunchScreen.storyboard */ = {
			isa = PBXVariantGroup;
			children = (
				CB4D14B8265F3071007856C0 /* Base */,
			);
			name = LaunchScreen.storyboard;
			sourceTree = "<group>";
		};
/* End PBXVariantGroup section */

/* Begin XCBuildConfiguration section */
		CB4D14D1265F3072007856C0 /* Debug */ = {
			isa = XCBuildConfiguration;
			buildSettings = {
				ALWAYS_SEARCH_USER_PATHS = NO;
				CLANG_ANALYZER_NONNULL = YES;
				CLANG_ANALYZER_NUMBER_OBJECT_CONVERSION = YES_AGGRESSIVE;
				CLANG_CXX_LANGUAGE_STANDARD = "gnu++14";
				CLANG_CXX_LIBRARY = "libc++";
				CLANG_ENABLE_MODULES = YES;
				CLANG_ENABLE_OBJC_ARC = YES;
				CLANG_ENABLE_OBJC_WEAK = YES;
				CLANG_WARN_BLOCK_CAPTURE_AUTORELEASING = YES;
				CLANG_WARN_BOOL_CONVERSION = YES;
				CLANG_WARN_COMMA = YES;
				CLANG_WARN_CONSTANT_CONVERSION = YES;
				CLANG_WARN_DEPRECATED_OBJC_IMPLEMENTATIONS = YES;
				CLANG_WARN_DIRECT_OBJC_ISA_USAGE = YES_ERROR;
				CLANG_WARN_DOCUMENTATION_COMMENTS = YES;
				CLANG_WARN_EMPTY_BODY = YES;
				CLANG_WARN_ENUM_CONVERSION = YES;
				CLANG_WARN_INFINITE_RECURSION = YES;
				CLANG_WARN_INT_CONVERSION = YES;
				CLANG_WARN_NON_LITERAL_NULL_CONVERSION = YES;
				CLANG_WARN_OBJC_IMPLICIT_RETAIN_SELF = YES;
				CLANG_WARN_OBJC_LITERAL_CONVERSION = YES;
				CLANG_WARN_OBJC_ROOT_CLASS = YES_ERROR;
				CLANG_WARN_QUOTED_INCLUDE_IN_FRAMEWORK_HEADER = YES;
				CLANG_WARN_RANGE_LOOP_ANALYSIS = YES;
				CLANG_WARN_STRICT_PROTOTYPES = YES;
				CLANG_WARN_SUSPICIOUS_MOVE = YES;
				CLANG_WARN_UNGUARDED_AVAILABILITY = YES_AGGRESSIVE;
				CLANG_WARN_UNREACHABLE_CODE = YES;
				CLANG_WARN__DUPLICATE_METHOD_MATCH = YES;
				COPY_PHASE_STRIP = NO;
				DEBUG_INFORMATION_FORMAT = dwarf;
				ENABLE_STRICT_OBJC_MSGSEND = YES;
				ENABLE_TESTABILITY = YES;
				GCC_C_LANGUAGE_STANDARD = gnu11;
				GCC_DYNAMIC_NO_PIC = NO;
				GCC_NO_COMMON_BLOCKS = YES;
				GCC_OPTIMIZATION_LEVEL = 0;
				GCC_PREPROCESSOR_DEFINITIONS = (
					"DEBUG=1",
					"$(inherited)",
				);
				GCC_WARN_64_TO_32_BIT_CONVERSION = YES;
				GCC_WARN_ABOUT_RETURN_TYPE = YES_ERROR;
				GCC_WARN_UNDECLARED_SELECTOR = YES;
				GCC_WARN_UNINITIALIZED_AUTOS = YES_AGGRESSIVE;
				GCC_WARN_UNUSED_FUNCTION = YES;
				GCC_WARN_UNUSED_VARIABLE = YES;
				IPHONEOS_DEPLOYMENT_TARGET = 14.2;
				MTL_ENABLE_DEBUG_INFO = INCLUDE_SOURCE;
				MTL_FAST_MATH = YES;
				ONLY_ACTIVE_ARCH = YES;
				SDKROOT = iphoneos;
				SWIFT_ACTIVE_COMPILATION_CONDITIONS = DEBUG;
				SWIFT_OPTIMIZATION_LEVEL = "-Onone";
			};
			name = Debug;
		};
		CB4D14D2265F3072007856C0 /* Release */ = {
			isa = XCBuildConfiguration;
			buildSettings = {
				ALWAYS_SEARCH_USER_PATHS = NO;
				CLANG_ANALYZER_NONNULL = YES;
				CLANG_ANALYZER_NUMBER_OBJECT_CONVERSION = YES_AGGRESSIVE;
				CLANG_CXX_LANGUAGE_STANDARD = "gnu++14";
				CLANG_CXX_LIBRARY = "libc++";
				CLANG_ENABLE_MODULES = YES;
				CLANG_ENABLE_OBJC_ARC = YES;
				CLANG_ENABLE_OBJC_WEAK = YES;
				CLANG_WARN_BLOCK_CAPTURE_AUTORELEASING = YES;
				CLANG_WARN_BOOL_CONVERSION = YES;
				CLANG_WARN_COMMA = YES;
				CLANG_WARN_CONSTANT_CONVERSION = YES;
				CLANG_WARN_DEPRECATED_OBJC_IMPLEMENTATIONS = YES;
				CLANG_WARN_DIRECT_OBJC_ISA_USAGE = YES_ERROR;
				CLANG_WARN_DOCUMENTATION_COMMENTS = YES;
				CLANG_WARN_EMPTY_BODY = YES;
				CLANG_WARN_ENUM_CONVERSION = YES;
				CLANG_WARN_INFINITE_RECURSION = YES;
				CLANG_WARN_INT_CONVERSION = YES;
				CLANG_WARN_NON_LITERAL_NULL_CONVERSION = YES;
				CLANG_WARN_OBJC_IMPLICIT_RETAIN_SELF = YES;
				CLANG_WARN_OBJC_LITERAL_CONVERSION = YES;
				CLANG_WARN_OBJC_ROOT_CLASS = YES_ERROR;
				CLANG_WARN_QUOTED_INCLUDE_IN_FRAMEWORK_HEADER = YES;
				CLANG_WARN_RANGE_LOOP_ANALYSIS = YES;
				CLANG_WARN_STRICT_PROTOTYPES = YES;
				CLANG_WARN_SUSPICIOUS_MOVE = YES;
				CLANG_WARN_UNGUARDED_AVAILABILITY = YES_AGGRESSIVE;
				CLANG_WARN_UNREACHABLE_CODE = YES;
				CLANG_WARN__DUPLICATE_METHOD_MATCH = YES;
				COPY_PHASE_STRIP = NO;
				DEBUG_INFORMATION_FORMAT = "dwarf-with-dsym";
				ENABLE_NS_ASSERTIONS = NO;
				ENABLE_STRICT_OBJC_MSGSEND = YES;
				GCC_C_LANGUAGE_STANDARD = gnu11;
				GCC_NO_COMMON_BLOCKS = YES;
				GCC_WARN_64_TO_32_BIT_CONVERSION = YES;
				GCC_WARN_ABOUT_RETURN_TYPE = YES_ERROR;
				GCC_WARN_UNDECLARED_SELECTOR = YES;
				GCC_WARN_UNINITIALIZED_AUTOS = YES_AGGRESSIVE;
				GCC_WARN_UNUSED_FUNCTION = YES;
				GCC_WARN_UNUSED_VARIABLE = YES;
				IPHONEOS_DEPLOYMENT_TARGET = 14.2;
				MTL_ENABLE_DEBUG_INFO = NO;
				MTL_FAST_MATH = YES;
				SDKROOT = iphoneos;
				SWIFT_COMPILATION_MODE = wholemodule;
				SWIFT_OPTIMIZATION_LEVEL = "-O";
				VALIDATE_PRODUCT = YES;
			};
			name = Release;
		};
		CB4D14D4265F3072007856C0 /* Debug */ = {
			isa = XCBuildConfiguration;
			buildSettings = {
				ASSETCATALOG_COMPILER_APPICON_NAME = AppIcon;
				ASSETCATALOG_COMPILER_GLOBAL_ACCENT_COLOR_NAME = AccentColor;
				CODE_SIGN_ENTITLEMENTS = ToDo/ToDo.entitlements;
				CODE_SIGN_STYLE = Automatic;
				DEVELOPMENT_TEAM = UHMT96MFTV;
				INFOPLIST_FILE = ToDo/Info.plist;
				LD_RUNPATH_SEARCH_PATHS = (
					"$(inherited)",
					"@executable_path/Frameworks",
				);
				MARKETING_VERSION = 1.3;
				PRODUCT_BUNDLE_IDENTIFIER = todo.FaconX.ToDo;
				PRODUCT_NAME = "$(TARGET_NAME)";
				SWIFT_VERSION = 5.0;
				TARGETED_DEVICE_FAMILY = 1;
			};
			name = Debug;
		};
		CB4D14D5265F3072007856C0 /* Release */ = {
			isa = XCBuildConfiguration;
			buildSettings = {
				ASSETCATALOG_COMPILER_APPICON_NAME = AppIcon;
				ASSETCATALOG_COMPILER_GLOBAL_ACCENT_COLOR_NAME = AccentColor;
				CODE_SIGN_ENTITLEMENTS = ToDo/ToDo.entitlements;
				CODE_SIGN_STYLE = Automatic;
				DEVELOPMENT_TEAM = UHMT96MFTV;
				INFOPLIST_FILE = ToDo/Info.plist;
				LD_RUNPATH_SEARCH_PATHS = (
					"$(inherited)",
					"@executable_path/Frameworks",
				);
				MARKETING_VERSION = 1.3;
				PRODUCT_BUNDLE_IDENTIFIER = todo.FaconX.ToDo;
				PRODUCT_NAME = "$(TARGET_NAME)";
				SWIFT_VERSION = 5.0;
				TARGETED_DEVICE_FAMILY = 1;
			};
			name = Release;
		};
		CB4D14D7265F3072007856C0 /* Debug */ = {
			isa = XCBuildConfiguration;
			buildSettings = {
				ALWAYS_EMBED_SWIFT_STANDARD_LIBRARIES = YES;
				BUNDLE_LOADER = "$(TEST_HOST)";
				CODE_SIGN_STYLE = Automatic;
				DEVELOPMENT_TEAM = UHMT96MFTV;
				INFOPLIST_FILE = ToDoTests/Info.plist;
				IPHONEOS_DEPLOYMENT_TARGET = 14.2;
				LD_RUNPATH_SEARCH_PATHS = (
					"$(inherited)",
					"@executable_path/Frameworks",
					"@loader_path/Frameworks",
				);
				PRODUCT_BUNDLE_IDENTIFIER = todo.FaconX.ToDoTests;
				PRODUCT_NAME = "$(TARGET_NAME)";
				SWIFT_VERSION = 5.0;
				TARGETED_DEVICE_FAMILY = "1,2";
				TEST_HOST = "$(BUILT_PRODUCTS_DIR)/ToDo.app/ToDo";
			};
			name = Debug;
		};
		CB4D14D8265F3072007856C0 /* Release */ = {
			isa = XCBuildConfiguration;
			buildSettings = {
				ALWAYS_EMBED_SWIFT_STANDARD_LIBRARIES = YES;
				BUNDLE_LOADER = "$(TEST_HOST)";
				CODE_SIGN_STYLE = Automatic;
				DEVELOPMENT_TEAM = UHMT96MFTV;
				INFOPLIST_FILE = ToDoTests/Info.plist;
				IPHONEOS_DEPLOYMENT_TARGET = 14.2;
				LD_RUNPATH_SEARCH_PATHS = (
					"$(inherited)",
					"@executable_path/Frameworks",
					"@loader_path/Frameworks",
				);
				PRODUCT_BUNDLE_IDENTIFIER = todo.FaconX.ToDoTests;
				PRODUCT_NAME = "$(TARGET_NAME)";
				SWIFT_VERSION = 5.0;
				TARGETED_DEVICE_FAMILY = "1,2";
				TEST_HOST = "$(BUILT_PRODUCTS_DIR)/ToDo.app/ToDo";
			};
			name = Release;
		};
		CB4D14DA265F3072007856C0 /* Debug */ = {
			isa = XCBuildConfiguration;
			buildSettings = {
				ALWAYS_EMBED_SWIFT_STANDARD_LIBRARIES = YES;
				CODE_SIGN_STYLE = Automatic;
				DEVELOPMENT_TEAM = UHMT96MFTV;
				INFOPLIST_FILE = ToDoUITests/Info.plist;
				LD_RUNPATH_SEARCH_PATHS = (
					"$(inherited)",
					"@executable_path/Frameworks",
					"@loader_path/Frameworks",
				);
				PRODUCT_BUNDLE_IDENTIFIER = todo.FaconX.ToDoUITests;
				PRODUCT_NAME = "$(TARGET_NAME)";
				SWIFT_VERSION = 5.0;
				TARGETED_DEVICE_FAMILY = "1,2";
				TEST_TARGET_NAME = ToDo;
			};
			name = Debug;
		};
		CB4D14DB265F3072007856C0 /* Release */ = {
			isa = XCBuildConfiguration;
			buildSettings = {
				ALWAYS_EMBED_SWIFT_STANDARD_LIBRARIES = YES;
				CODE_SIGN_STYLE = Automatic;
				DEVELOPMENT_TEAM = UHMT96MFTV;
				INFOPLIST_FILE = ToDoUITests/Info.plist;
				LD_RUNPATH_SEARCH_PATHS = (
					"$(inherited)",
					"@executable_path/Frameworks",
					"@loader_path/Frameworks",
				);
				PRODUCT_BUNDLE_IDENTIFIER = todo.FaconX.ToDoUITests;
				PRODUCT_NAME = "$(TARGET_NAME)";
				SWIFT_VERSION = 5.0;
				TARGETED_DEVICE_FAMILY = "1,2";
				TEST_TARGET_NAME = ToDo;
			};
			name = Release;
		};
/* End XCBuildConfiguration section */

/* Begin XCConfigurationList section */
		CB4D14A4265F306F007856C0 /* Build configuration list for PBXProject "ToDo" */ = {
			isa = XCConfigurationList;
			buildConfigurations = (
				CB4D14D1265F3072007856C0 /* Debug */,
				CB4D14D2265F3072007856C0 /* Release */,
			);
			defaultConfigurationIsVisible = 0;
			defaultConfigurationName = Release;
		};
		CB4D14D3265F3072007856C0 /* Build configuration list for PBXNativeTarget "ToDo" */ = {
			isa = XCConfigurationList;
			buildConfigurations = (
				CB4D14D4265F3072007856C0 /* Debug */,
				CB4D14D5265F3072007856C0 /* Release */,
			);
			defaultConfigurationIsVisible = 0;
			defaultConfigurationName = Release;
		};
		CB4D14D6265F3072007856C0 /* Build configuration list for PBXNativeTarget "ToDoTests" */ = {
			isa = XCConfigurationList;
			buildConfigurations = (
				CB4D14D7265F3072007856C0 /* Debug */,
				CB4D14D8265F3072007856C0 /* Release */,
			);
			defaultConfigurationIsVisible = 0;
			defaultConfigurationName = Release;
		};
		CB4D14D9265F3072007856C0 /* Build configuration list for PBXNativeTarget "ToDoUITests" */ = {
			isa = XCConfigurationList;
			buildConfigurations = (
				CB4D14DA265F3072007856C0 /* Debug */,
				CB4D14DB265F3072007856C0 /* Release */,
			);
			defaultConfigurationIsVisible = 0;
			defaultConfigurationName = Release;
		};
/* End XCConfigurationList section */

/* Begin XCVersionGroup section */
		CB4D14DF265F3135007856C0 /* InfoStorage.xcdatamodeld */ = {
			isa = XCVersionGroup;
			children = (
				CB4D14E0265F3135007856C0 /* InfoStorage.xcdatamodel */,
			);
			currentVersion = CB4D14E0265F3135007856C0 /* InfoStorage.xcdatamodel */;
			path = InfoStorage.xcdatamodeld;
			sourceTree = "<group>";
			versionGroupType = wrapper.xcdatamodel;
		};
/* End XCVersionGroup section */
	};
	rootObject = CB4D14A1265F306F007856C0 /* Project object */;
}
